// !$*UTF8*$!
{
	archiveVersion = 1;
	classes = {
	};
	objectVersion = 77;
	objects = {

/* Begin PBXContainerItemProxy section */
		B8DF85E62EC162E7005F7D01 /* PBXContainerItemProxy */ = {
			isa = PBXContainerItemProxy;
			containerPortal = B8DF85CC2EC162E6005F7D01 /* Project object */;
			proxyType = 1;
			remoteGlobalIDString = B8DF85D32EC162E6005F7D01;
			remoteInfo = Swift6TalkDemo;
		};
		B8DF85F02EC162E7005F7D01 /* PBXContainerItemProxy */ = {
			isa = PBXContainerItemProxy;
			containerPortal = B8DF85CC2EC162E6005F7D01 /* Project object */;
			proxyType = 1;
			remoteGlobalIDString = B8DF85D32EC162E6005F7D01;
			remoteInfo = Swift6TalkDemo;
		};
/* End PBXContainerItemProxy section */

/* Begin PBXFileReference section */
		B8DF85D42EC162E6005F7D01 /* Swift6TalkDemo.app */ = {isa = PBXFileReference; explicitFileType = wrapper.application; includeInIndex = 0; path = Swift6TalkDemo.app; sourceTree = BUILT_PRODUCTS_DIR; };
		B8DF85E52EC162E7005F7D01 /* Swift6TalkDemoTests.xctest */ = {isa = PBXFileReference; explicitFileType = wrapper.cfbundle; includeInIndex = 0; path = Swift6TalkDemoTests.xctest; sourceTree = BUILT_PRODUCTS_DIR; };
		B8DF85EF2EC162E7005F7D01 /* Swift6TalkDemoUITests.xctest */ = {isa = PBXFileReference; explicitFileType = wrapper.cfbundle; includeInIndex = 0; path = Swift6TalkDemoUITests.xctest; sourceTree = BUILT_PRODUCTS_DIR; };
/* End PBXFileReference section */

/* Begin PBXFileSystemSynchronizedBuildFileExceptionSet section */
		B8DF85F72EC162E7005F7D01 /* Exceptions for "Swift6TalkDemo" folder in "Swift6TalkDemo" target */ = {
			isa = PBXFileSystemSynchronizedBuildFileExceptionSet;
			membershipExceptions = (
				Info.plist,
			);
			target = B8DF85D32EC162E6005F7D01 /* Swift6TalkDemo */;
		};
/* End PBXFileSystemSynchronizedBuildFileExceptionSet section */

/* Begin PBXFileSystemSynchronizedRootGroup section */
		B8DF85D62EC162E6005F7D01 /* Swift6TalkDemo */ = {
			isa = PBXFileSystemSynchronizedRootGroup;
			exceptions = (
				B8DF85F72EC162E7005F7D01 /* Exceptions for "Swift6TalkDemo" folder in "Swift6TalkDemo" target */,
			);
			path = Swift6TalkDemo;
			sourceTree = "<group>";
		};
		B8DF85E82EC162E7005F7D01 /* Swift6TalkDemoTests */ = {
			isa = PBXFileSystemSynchronizedRootGroup;
			path = Swift6TalkDemoTests;
			sourceTree = "<group>";
		};
		B8DF85F22EC162E7005F7D01 /* Swift6TalkDemoUITests */ = {
			isa = PBXFileSystemSynchronizedRootGroup;
			path = Swift6TalkDemoUITests;
			sourceTree = "<group>";
		};
/* End PBXFileSystemSynchronizedRootGroup section */

/* Begin PBXFrameworksBuildPhase section */
		B8DF85D12EC162E6005F7D01 /* Frameworks */ = {
			isa = PBXFrameworksBuildPhase;
			buildActionMask = 2147483647;
			files = (
			);
			runOnlyForDeploymentPostprocessing = 0;
		};
		B8DF85E22EC162E7005F7D01 /* Frameworks */ = {
			isa = PBXFrameworksBuildPhase;
			buildActionMask = 2147483647;
			files = (
			);
			runOnlyForDeploymentPostprocessing = 0;
		};
		B8DF85EC2EC162E7005F7D01 /* Frameworks */ = {
			isa = PBXFrameworksBuildPhase;
			buildActionMask = 2147483647;
			files = (
			);
			runOnlyForDeploymentPostprocessing = 0;
		};
/* End PBXFrameworksBuildPhase section */

/* Begin PBXGroup section */
		B8DF85CB2EC162E6005F7D01 = {
			isa = PBXGroup;
			children = (
				B8DF85D62EC162E6005F7D01 /* Swift6TalkDemo */,
				B8DF85E82EC162E7005F7D01 /* Swift6TalkDemoTests */,
				B8DF85F22EC162E7005F7D01 /* Swift6TalkDemoUITests */,
				B8DF85D52EC162E6005F7D01 /* Products */,
			);
			sourceTree = "<group>";
		};
		B8DF85D52EC162E6005F7D01 /* Products */ = {
			isa = PBXGroup;
			children = (
				B8DF85D42EC162E6005F7D01 /* Swift6TalkDemo.app */,
				B8DF85E52EC162E7005F7D01 /* Swift6TalkDemoTests.xctest */,
				B8DF85EF2EC162E7005F7D01 /* Swift6TalkDemoUITests.xctest */,
			);
			name = Products;
			sourceTree = "<group>";
		};
/* End PBXGroup section */

/* Begin PBXNativeTarget section */
		B8DF85D32EC162E6005F7D01 /* Swift6TalkDemo */ = {
			isa = PBXNativeTarget;
			buildConfigurationList = B8DF85F82EC162E7005F7D01 /* Build configuration list for PBXNativeTarget "Swift6TalkDemo" */;
			buildPhases = (
				B8DF85D02EC162E6005F7D01 /* Sources */,
				B8DF85D12EC162E6005F7D01 /* Frameworks */,
				B8DF85D22EC162E6005F7D01 /* Resources */,
			);
			buildRules = (
			);
			dependencies = (
			);
			fileSystemSynchronizedGroups = (
				B8DF85D62EC162E6005F7D01 /* Swift6TalkDemo */,
			);
			name = Swift6TalkDemo;
			packageProductDependencies = (
			);
			productName = Swift6TalkDemo;
			productReference = B8DF85D42EC162E6005F7D01 /* Swift6TalkDemo.app */;
			productType = "com.apple.product-type.application";
		};
		B8DF85E42EC162E7005F7D01 /* Swift6TalkDemoTests */ = {
			isa = PBXNativeTarget;
			buildConfigurationList = B8DF85FD2EC162E7005F7D01 /* Build configuration list for PBXNativeTarget "Swift6TalkDemoTests" */;
			buildPhases = (
				B8DF85E12EC162E7005F7D01 /* Sources */,
				B8DF85E22EC162E7005F7D01 /* Frameworks */,
				B8DF85E32EC162E7005F7D01 /* Resources */,
			);
			buildRules = (
			);
			dependencies = (
				B8DF85E72EC162E7005F7D01 /* PBXTargetDependency */,
			);
			fileSystemSynchronizedGroups = (
				B8DF85E82EC162E7005F7D01 /* Swift6TalkDemoTests */,
			);
			name = Swift6TalkDemoTests;
			packageProductDependencies = (
			);
			productName = Swift6TalkDemoTests;
			productReference = B8DF85E52EC162E7005F7D01 /* Swift6TalkDemoTests.xctest */;
			productType = "com.apple.product-type.bundle.unit-test";
		};
		B8DF85EE2EC162E7005F7D01 /* Swift6TalkDemoUITests */ = {
			isa = PBXNativeTarget;
			buildConfigurationList = B8DF86002EC162E7005F7D01 /* Build configuration list for PBXNativeTarget "Swift6TalkDemoUITests" */;
			buildPhases = (
				B8DF85EB2EC162E7005F7D01 /* Sources */,
				B8DF85EC2EC162E7005F7D01 /* Frameworks */,
				B8DF85ED2EC162E7005F7D01 /* Resources */,
			);
			buildRules = (
			);
			dependencies = (
				B8DF85F12EC162E7005F7D01 /* PBXTargetDependency */,
			);
			fileSystemSynchronizedGroups = (
				B8DF85F22EC162E7005F7D01 /* Swift6TalkDemoUITests */,
			);
			name = Swift6TalkDemoUITests;
			packageProductDependencies = (
			);
			productName = Swift6TalkDemoUITests;
			productReference = B8DF85EF2EC162E7005F7D01 /* Swift6TalkDemoUITests.xctest */;
			productType = "com.apple.product-type.bundle.ui-testing";
		};
/* End PBXNativeTarget section */

/* Begin PBXProject section */
		B8DF85CC2EC162E6005F7D01 /* Project object */ = {
			isa = PBXProject;
			attributes = {
				BuildIndependentTargetsInParallel = 1;
				LastSwiftUpdateCheck = 2600;
				LastUpgradeCheck = 2610;
				TargetAttributes = {
					B8DF85D32EC162E6005F7D01 = {
						CreatedOnToolsVersion = 26.0.1;
					};
					B8DF85E42EC162E7005F7D01 = {
						CreatedOnToolsVersion = 26.0.1;
						TestTargetID = B8DF85D32EC162E6005F7D01;
					};
					B8DF85EE2EC162E7005F7D01 = {
						CreatedOnToolsVersion = 26.0.1;
						TestTargetID = B8DF85D32EC162E6005F7D01;
					};
				};
			};
			buildConfigurationList = B8DF85CF2EC162E6005F7D01 /* Build configuration list for PBXProject "Swift6TalkDemo" */;
			developmentRegion = en;
			hasScannedForEncodings = 0;
			knownRegions = (
				en,
				Base,
			);
			mainGroup = B8DF85CB2EC162E6005F7D01;
			minimizedProjectReferenceProxies = 1;
			preferredProjectObjectVersion = 77;
			productRefGroup = B8DF85D52EC162E6005F7D01 /* Products */;
			projectDirPath = "";
			projectRoot = "";
			targets = (
				B8DF85D32EC162E6005F7D01 /* Swift6TalkDemo */,
				B8DF85E42EC162E7005F7D01 /* Swift6TalkDemoTests */,
				B8DF85EE2EC162E7005F7D01 /* Swift6TalkDemoUITests */,
			);
		};
/* End PBXProject section */

/* Begin PBXResourcesBuildPhase section */
		B8DF85D22EC162E6005F7D01 /* Resources */ = {
			isa = PBXResourcesBuildPhase;
			buildActionMask = 2147483647;
			files = (
			);
			runOnlyForDeploymentPostprocessing = 0;
		};
		B8DF85E32EC162E7005F7D01 /* Resources */ = {
			isa = PBXResourcesBuildPhase;
			buildActionMask = 2147483647;
			files = (
			);
			runOnlyForDeploymentPostprocessing = 0;
		};
		B8DF85ED2EC162E7005F7D01 /* Resources */ = {
			isa = PBXResourcesBuildPhase;
			buildActionMask = 2147483647;
			files = (
			);
			runOnlyForDeploymentPostprocessing = 0;
		};
/* End PBXResourcesBuildPhase section */

/* Begin PBXSourcesBuildPhase section */
		B8DF85D02EC162E6005F7D01 /* Sources */ = {
			isa = PBXSourcesBuildPhase;
			buildActionMask = 2147483647;
			files = (
			);
			runOnlyForDeploymentPostprocessing = 0;
		};
		B8DF85E12EC162E7005F7D01 /* Sources */ = {
			isa = PBXSourcesBuildPhase;
			buildActionMask = 2147483647;
			files = (
			);
			runOnlyForDeploymentPostprocessing = 0;
		};
		B8DF85EB2EC162E7005F7D01 /* Sources */ = {
			isa = PBXSourcesBuildPhase;
			buildActionMask = 2147483647;
			files = (
			);
			runOnlyForDeploymentPostprocessing = 0;
		};
/* End PBXSourcesBuildPhase section */

/* Begin PBXTargetDependency section */
		B8DF85E72EC162E7005F7D01 /* PBXTargetDependency */ = {
			isa = PBXTargetDependency;
			target = B8DF85D32EC162E6005F7D01 /* Swift6TalkDemo */;
			targetProxy = B8DF85E62EC162E7005F7D01 /* PBXContainerItemProxy */;
		};
		B8DF85F12EC162E7005F7D01 /* PBXTargetDependency */ = {
			isa = PBXTargetDependency;
			target = B8DF85D32EC162E6005F7D01 /* Swift6TalkDemo */;
			targetProxy = B8DF85F02EC162E7005F7D01 /* PBXContainerItemProxy */;
		};
/* End PBXTargetDependency section */

/* Begin XCBuildConfiguration section */
		B8DF85F92EC162E7005F7D01 /* Debug */ = {
			isa = XCBuildConfiguration;
			buildSettings = {
				ASSETCATALOG_COMPILER_APPICON_NAME = AppIcon;
				ASSETCATALOG_COMPILER_GLOBAL_ACCENT_COLOR_NAME = AccentColor;
				CODE_SIGN_ENTITLEMENTS = Swift6TalkDemo/Swift6TalkDemo.entitlements;
				CODE_SIGN_STYLE = Automatic;
				CURRENT_PROJECT_VERSION = 1;
				DEVELOPMENT_TEAM = 88WYGUZU9A;
				ENABLE_PREVIEWS = YES;
				GENERATE_INFOPLIST_FILE = YES;
				INFOPLIST_FILE = Swift6TalkDemo/Info.plist;
				INFOPLIST_KEY_UIApplicationSceneManifest_Generation = YES;
				INFOPLIST_KEY_UIApplicationSupportsIndirectInputEvents = YES;
				INFOPLIST_KEY_UILaunchScreen_Generation = YES;
				INFOPLIST_KEY_UISupportedInterfaceOrientations_iPad = "UIInterfaceOrientationPortrait UIInterfaceOrientationPortraitUpsideDown UIInterfaceOrientationLandscapeLeft UIInterfaceOrientationLandscapeRight";
				INFOPLIST_KEY_UISupportedInterfaceOrientations_iPhone = "UIInterfaceOrientationPortrait UIInterfaceOrientationLandscapeLeft UIInterfaceOrientationLandscapeRight";
				LD_RUNPATH_SEARCH_PATHS = (
					"$(inherited)",
					"@executable_path/Frameworks",
				);
				MARKETING_VERSION = 1.0;
				PRODUCT_BUNDLE_IDENTIFIER = JCG.Swift6TalkDemo;
				PRODUCT_NAME = "$(TARGET_NAME)";
				STRING_CATALOG_GENERATE_SYMBOLS = YES;
				SWIFT_APPROACHABLE_CONCURRENCY = YES;
				SWIFT_DEFAULT_ACTOR_ISOLATION = MainActor;
				SWIFT_EMIT_LOC_STRINGS = YES;
				SWIFT_UPCOMING_FEATURE_MEMBER_IMPORT_VISIBILITY = YES;
				SWIFT_VERSION = 5.0;
				TARGETED_DEVICE_FAMILY = "1,2";
			};
			name = Debug;
		};
		B8DF85FA2EC162E7005F7D01 /* Release */ = {
			isa = XCBuildConfiguration;
			buildSettings = {
				ASSETCATALOG_COMPILER_APPICON_NAME = AppIcon;
				ASSETCATALOG_COMPILER_GLOBAL_ACCENT_COLOR_NAME = AccentColor;
				CODE_SIGN_ENTITLEMENTS = Swift6TalkDemo/Swift6TalkDemo.entitlements;
				CODE_SIGN_STYLE = Automatic;
				CURRENT_PROJECT_VERSION = 1;
				DEVELOPMENT_TEAM = 3F78YS658Y;
				ENABLE_PREVIEWS = YES;
				GENERATE_INFOPLIST_FILE = YES;
				INFOPLIST_FILE = Swift6TalkDemo/Info.plist;
				INFOPLIST_KEY_UIApplicationSceneManifest_Generation = YES;
				INFOPLIST_KEY_UIApplicationSupportsIndirectInputEvents = YES;
				INFOPLIST_KEY_UILaunchScreen_Generation = YES;
				INFOPLIST_KEY_UISupportedInterfaceOrientations_iPad = "UIInterfaceOrientationPortrait UIInterfaceOrientationPortraitUpsideDown UIInterfaceOrientationLandscapeLeft UIInterfaceOrientationLandscapeRight";
				INFOPLIST_KEY_UISupportedInterfaceOrientations_iPhone = "UIInterfaceOrientationPortrait UIInterfaceOrientationLandscapeLeft UIInterfaceOrientationLandscapeRight";
				LD_RUNPATH_SEARCH_PATHS = (
					"$(inherited)",
					"@executable_path/Frameworks",
				);
				MARKETING_VERSION = 1.0;
				PRODUCT_BUNDLE_IDENTIFIER = JCG.Swift6TalkDemo;
				PRODUCT_NAME = "$(TARGET_NAME)";
				STRING_CATALOG_GENERATE_SYMBOLS = YES;
				SWIFT_APPROACHABLE_CONCURRENCY = YES;
				SWIFT_DEFAULT_ACTOR_ISOLATION = MainActor;
				SWIFT_EMIT_LOC_STRINGS = YES;
				SWIFT_UPCOMING_FEATURE_MEMBER_IMPORT_VISIBILITY = YES;
				SWIFT_VERSION = 5.0;
				TARGETED_DEVICE_FAMILY = "1,2";
			};
			name = Release;
		};
		B8DF85FB2EC162E7005F7D01 /* Debug */ = {
			isa = XCBuildConfiguration;
			buildSettings = {
				ALWAYS_SEARCH_USER_PATHS = NO;
				ASSETCATALOG_COMPILER_GENERATE_SWIFT_ASSET_SYMBOL_EXTENSIONS = YES;
				CLANG_ANALYZER_NONNULL = YES;
				CLANG_ANALYZER_NUMBER_OBJECT_CONVERSION = YES_AGGRESSIVE;
				CLANG_CXX_LANGUAGE_STANDARD = "gnu++20";
				CLANG_ENABLE_MODULES = YES;
				CLANG_ENABLE_OBJC_ARC = YES;
				CLANG_ENABLE_OBJC_WEAK = YES;
				CLANG_WARN_BLOCK_CAPTURE_AUTORELEASING = YES;
				CLANG_WARN_BOOL_CONVERSION = YES;
				CLANG_WARN_COMMA = YES;
				CLANG_WARN_CONSTANT_CONVERSION = YES;
				CLANG_WARN_DEPRECATED_OBJC_IMPLEMENTATIONS = YES;
				CLANG_WARN_DIRECT_OBJC_ISA_USAGE = YES_ERROR;
				CLANG_WARN_DOCUMENTATION_COMMENTS = YES;
				CLANG_WARN_EMPTY_BODY = YES;
				CLANG_WARN_ENUM_CONVERSION = YES;
				CLANG_WARN_INFINITE_RECURSION = YES;
				CLANG_WARN_INT_CONVERSION = YES;
				CLANG_WARN_NON_LITERAL_NULL_CONVERSION = YES;
				CLANG_WARN_OBJC_IMPLICIT_RETAIN_SELF = YES;
				CLANG_WARN_OBJC_LITERAL_CONVERSION = YES;
				CLANG_WARN_OBJC_ROOT_CLASS = YES_ERROR;
				CLANG_WARN_QUOTED_INCLUDE_IN_FRAMEWORK_HEADER = YES;
				CLANG_WARN_RANGE_LOOP_ANALYSIS = YES;
				CLANG_WARN_STRICT_PROTOTYPES = YES;
				CLANG_WARN_SUSPICIOUS_MOVE = YES;
				CLANG_WARN_UNGUARDED_AVAILABILITY = YES_AGGRESSIVE;
				CLANG_WARN_UNREACHABLE_CODE = YES;
				CLANG_WARN__DUPLICATE_METHOD_MATCH = YES;
				COPY_PHASE_STRIP = NO;
				DEBUG_INFORMATION_FORMAT = dwarf;
				DEVELOPMENT_TEAM = 3F78YS658Y;
				ENABLE_STRICT_OBJC_MSGSEND = YES;
				ENABLE_TESTABILITY = YES;
				ENABLE_USER_SCRIPT_SANDBOXING = YES;
				GCC_C_LANGUAGE_STANDARD = gnu17;
				GCC_DYNAMIC_NO_PIC = NO;
				GCC_NO_COMMON_BLOCKS = YES;
				GCC_OPTIMIZATION_LEVEL = 0;
				GCC_PREPROCESSOR_DEFINITIONS = (
					"DEBUG=1",
					"$(inherited)",
				);
				GCC_WARN_64_TO_32_BIT_CONVERSION = YES;
				GCC_WARN_ABOUT_RETURN_TYPE = YES_ERROR;
				GCC_WARN_UNDECLARED_SELECTOR = YES;
				GCC_WARN_UNINITIALIZED_AUTOS = YES_AGGRESSIVE;
				GCC_WARN_UNUSED_FUNCTION = YES;
				GCC_WARN_UNUSED_VARIABLE = YES;
				IPHONEOS_DEPLOYMENT_TARGET = 26.0;
				LOCALIZATION_PREFERS_STRING_CATALOGS = YES;
				MTL_ENABLE_DEBUG_INFO = INCLUDE_SOURCE;
				MTL_FAST_MATH = YES;
				ONLY_ACTIVE_ARCH = YES;
				SDKROOT = iphoneos;
				STRING_CATALOG_GENERATE_SYMBOLS = YES;
				SWIFT_ACTIVE_COMPILATION_CONDITIONS = "DEBUG $(inherited)";
				SWIFT_OPTIMIZATION_LEVEL = "-Onone";
			};
			name = Debug;
		};
		B8DF85FC2EC162E7005F7D01 /* Release */ = {
			isa = XCBuildConfiguration;
			buildSettings = {
				ALWAYS_SEARCH_USER_PATHS = NO;
				ASSETCATALOG_COMPILER_GENERATE_SWIFT_ASSET_SYMBOL_EXTENSIONS = YES;
				CLANG_ANALYZER_NONNULL = YES;
				CLANG_ANALYZER_NUMBER_OBJECT_CONVERSION = YES_AGGRESSIVE;
				CLANG_CXX_LANGUAGE_STANDARD = "gnu++20";
				CLANG_ENABLE_MODULES = YES;
				CLANG_ENABLE_OBJC_ARC = YES;
				CLANG_ENABLE_OBJC_WEAK = YES;
				CLANG_WARN_BLOCK_CAPTURE_AUTORELEASING = YES;
				CLANG_WARN_BOOL_CONVERSION = YES;
				CLANG_WARN_COMMA = YES;
				CLANG_WARN_CONSTANT_CONVERSION = YES;
				CLANG_WARN_DEPRECATED_OBJC_IMPLEMENTATIONS = YES;
				CLANG_WARN_DIRECT_OBJC_ISA_USAGE = YES_ERROR;
				CLANG_WARN_DOCUMENTATION_COMMENTS = YES;
				CLANG_WARN_EMPTY_BODY = YES;
				CLANG_WARN_ENUM_CONVERSION = YES;
				CLANG_WARN_INFINITE_RECURSION = YES;
				CLANG_WARN_INT_CONVERSION = YES;
				CLANG_WARN_NON_LITERAL_NULL_CONVERSION = YES;
				CLANG_WARN_OBJC_IMPLICIT_RETAIN_SELF = YES;
				CLANG_WARN_OBJC_LITERAL_CONVERSION = YES;
				CLANG_WARN_OBJC_ROOT_CLASS = YES_ERROR;
				CLANG_WARN_QUOTED_INCLUDE_IN_FRAMEWORK_HEADER = YES;
				CLANG_WARN_RANGE_LOOP_ANALYSIS = YES;
				CLANG_WARN_STRICT_PROTOTYPES = YES;
				CLANG_WARN_SUSPICIOUS_MOVE = YES;
				CLANG_WARN_UNGUARDED_AVAILABILITY = YES_AGGRESSIVE;
				CLANG_WARN_UNREACHABLE_CODE = YES;
				CLANG_WARN__DUPLICATE_METHOD_MATCH = YES;
				COPY_PHASE_STRIP = NO;
				DEBUG_INFORMATION_FORMAT = "dwarf-with-dsym";
				DEVELOPMENT_TEAM = 3F78YS658Y;
				ENABLE_NS_ASSERTIONS = NO;
				ENABLE_STRICT_OBJC_MSGSEND = YES;
				ENABLE_USER_SCRIPT_SANDBOXING = YES;
				GCC_C_LANGUAGE_STANDARD = gnu17;
				GCC_NO_COMMON_BLOCKS = YES;
				GCC_WARN_64_TO_32_BIT_CONVERSION = YES;
				GCC_WARN_ABOUT_RETURN_TYPE = YES_ERROR;
				GCC_WARN_UNDECLARED_SELECTOR = YES;
				GCC_WARN_UNINITIALIZED_AUTOS = YES_AGGRESSIVE;
				GCC_WARN_UNUSED_FUNCTION = YES;
				GCC_WARN_UNUSED_VARIABLE = YES;
				IPHONEOS_DEPLOYMENT_TARGET = 26.0;
				LOCALIZATION_PREFERS_STRING_CATALOGS = YES;
				MTL_ENABLE_DEBUG_INFO = NO;
				MTL_FAST_MATH = YES;
				SDKROOT = iphoneos;
				STRING_CATALOG_GENERATE_SYMBOLS = YES;
				SWIFT_COMPILATION_MODE = wholemodule;
				VALIDATE_PRODUCT = YES;
			};
			name = Release;
		};
		B8DF85FE2EC162E7005F7D01 /* Debug */ = {
			isa = XCBuildConfiguration;
			buildSettings = {
				BUNDLE_LOADER = "$(TEST_HOST)";
				CODE_SIGN_STYLE = Automatic;
				CURRENT_PROJECT_VERSION = 1;
				DEVELOPMENT_TEAM = 3F78YS658Y;
				GENERATE_INFOPLIST_FILE = YES;
				IPHONEOS_DEPLOYMENT_TARGET = 26.0;
				MARKETING_VERSION = 1.0;
				PRODUCT_BUNDLE_IDENTIFIER = JCG.Swift6TalkDemoTests;
				PRODUCT_NAME = "$(TARGET_NAME)";
				STRING_CATALOG_GENERATE_SYMBOLS = NO;
				SWIFT_APPROACHABLE_CONCURRENCY = YES;
				SWIFT_EMIT_LOC_STRINGS = NO;
				SWIFT_UPCOMING_FEATURE_MEMBER_IMPORT_VISIBILITY = YES;
				SWIFT_VERSION = 5.0;
				TARGETED_DEVICE_FAMILY = "1,2";
				TEST_HOST = "$(BUILT_PRODUCTS_DIR)/Swift6TalkDemo.app/$(BUNDLE_EXECUTABLE_FOLDER_PATH)/Swift6TalkDemo";
			};
			name = Debug;
		};
		B8DF85FF2EC162E7005F7D01 /* Release */ = {
			isa = XCBuildConfiguration;
			buildSettings = {
				BUNDLE_LOADER = "$(TEST_HOST)";
				CODE_SIGN_STYLE = Automatic;
				CURRENT_PROJECT_VERSION = 1;
				DEVELOPMENT_TEAM = 3F78YS658Y;
				GENERATE_INFOPLIST_FILE = YES;
				IPHONEOS_DEPLOYMENT_TARGET = 26.0;
				MARKETING_VERSION = 1.0;
				PRODUCT_BUNDLE_IDENTIFIER = JCG.Swift6TalkDemoTests;
				PRODUCT_NAME = "$(TARGET_NAME)";
				STRING_CATALOG_GENERATE_SYMBOLS = NO;
				SWIFT_APPROACHABLE_CONCURRENCY = YES;
				SWIFT_EMIT_LOC_STRINGS = NO;
				SWIFT_UPCOMING_FEATURE_MEMBER_IMPORT_VISIBILITY = YES;
				SWIFT_VERSION = 5.0;
				TARGETED_DEVICE_FAMILY = "1,2";
				TEST_HOST = "$(BUILT_PRODUCTS_DIR)/Swift6TalkDemo.app/$(BUNDLE_EXECUTABLE_FOLDER_PATH)/Swift6TalkDemo";
			};
			name = Release;
		};
		B8DF86012EC162E7005F7D01 /* Debug */ = {
			isa = XCBuildConfiguration;
			buildSettings = {
				CODE_SIGN_STYLE = Automatic;
				CURRENT_PROJECT_VERSION = 1;
				DEVELOPMENT_TEAM = 3F78YS658Y;
				GENERATE_INFOPLIST_FILE = YES;
				MARKETING_VERSION = 1.0;
				PRODUCT_BUNDLE_IDENTIFIER = JCG.Swift6TalkDemoUITests;
				PRODUCT_NAME = "$(TARGET_NAME)";
				STRING_CATALOG_GENERATE_SYMBOLS = NO;
				SWIFT_APPROACHABLE_CONCURRENCY = YES;
				SWIFT_EMIT_LOC_STRINGS = NO;
				SWIFT_UPCOMING_FEATURE_MEMBER_IMPORT_VISIBILITY = YES;
				SWIFT_VERSION = 5.0;
				TARGETED_DEVICE_FAMILY = "1,2";
				TEST_TARGET_NAME = Swift6TalkDemo;
			};
			name = Debug;
		};
		B8DF86022EC162E7005F7D01 /* Release */ = {
			isa = XCBuildConfiguration;
			buildSettings = {
				CODE_SIGN_STYLE = Automatic;
				CURRENT_PROJECT_VERSION = 1;
				DEVELOPMENT_TEAM = 3F78YS658Y;
				GENERATE_INFOPLIST_FILE = YES;
				MARKETING_VERSION = 1.0;
				PRODUCT_BUNDLE_IDENTIFIER = JCG.Swift6TalkDemoUITests;
				PRODUCT_NAME = "$(TARGET_NAME)";
				STRING_CATALOG_GENERATE_SYMBOLS = NO;
				SWIFT_APPROACHABLE_CONCURRENCY = YES;
				SWIFT_EMIT_LOC_STRINGS = NO;
				SWIFT_UPCOMING_FEATURE_MEMBER_IMPORT_VISIBILITY = YES;
				SWIFT_VERSION = 5.0;
				TARGETED_DEVICE_FAMILY = "1,2";
				TEST_TARGET_NAME = Swift6TalkDemo;
			};
			name = Release;
		};
/* End XCBuildConfiguration section */

/* Begin XCConfigurationList section */
		B8DF85CF2EC162E6005F7D01 /* Build configuration list for PBXProject "Swift6TalkDemo" */ = {
			isa = XCConfigurationList;
			buildConfigurations = (
				B8DF85FB2EC162E7005F7D01 /* Debug */,
				B8DF85FC2EC162E7005F7D01 /* Release */,
			);
			defaultConfigurationIsVisible = 0;
			defaultConfigurationName = Release;
		};
		B8DF85F82EC162E7005F7D01 /* Build configuration list for PBXNativeTarget "Swift6TalkDemo" */ = {
			isa = XCConfigurationList;
			buildConfigurations = (
				B8DF85F92EC162E7005F7D01 /* Debug */,
				B8DF85FA2EC162E7005F7D01 /* Release */,
			);
			defaultConfigurationIsVisible = 0;
			defaultConfigurationName = Release;
		};
		B8DF85FD2EC162E7005F7D01 /* Build configuration list for PBXNativeTarget "Swift6TalkDemoTests" */ = {
			isa = XCConfigurationList;
			buildConfigurations = (
				B8DF85FE2EC162E7005F7D01 /* Debug */,
				B8DF85FF2EC162E7005F7D01 /* Release */,
			);
			defaultConfigurationIsVisible = 0;
			defaultConfigurationName = Release;
		};
		B8DF86002EC162E7005F7D01 /* Build configuration list for PBXNativeTarget "Swift6TalkDemoUITests" */ = {
			isa = XCConfigurationList;
			buildConfigurations = (
				B8DF86012EC162E7005F7D01 /* Debug */,
				B8DF86022EC162E7005F7D01 /* Release */,
			);
			defaultConfigurationIsVisible = 0;
			defaultConfigurationName = Release;
		};
/* End XCConfigurationList section */
	};
	rootObject = B8DF85CC2EC162E6005F7D01 /* Project object */;
}
